
Microsoft Visual Studio Solution File, Format Version 12.00
# Visual Studio Version 17
VisualStudioVersion = 17.9.34701.34
MinimumVisualStudioVersion = 10.0.40219.1
Project("{FAE04EC0-301F-11D3-BF4B-00C04F79EFBC}") = "ClearMeasure", "ClearMeasure\ClearMeasure.csproj", "{0256275F-4E20-418E-A65A-DBD418E56988}"
EndProject
Project("{FAE04EC0-301F-11D3-BF4B-00C04F79EFBC}") = "ClearMeasureLibrary", "ClearMeasureLibrary\ClearMeasureLibrary.csproj", "{96239A9D-4742-4011-833E-F22F81170C15}"
EndProject
Project("{FAE04EC0-301F-11D3-BF4B-00C04F79EFBC}") = "ClearMeasureLibrary.Test", "ClearMeasureLibrary.Test\ClearMeasureLibrary.Test.csproj", "{B7D12822-389D-4CD4-B29B-A18EF3537098}"
EndProject
Global
	GlobalSection(SolutionConfigurationPlatforms) = preSolution
		Debug|Any CPU = Debug|Any CPU
		Release|Any CPU = Release|Any CPU
	EndGlobalSection
	GlobalSection(ProjectConfigurationPlatforms) = postSolution
		{0256275F-4E20-418E-A65A-DBD418E56988}.Debug|Any CPU.ActiveCfg = Debug|Any CPU
		{0256275F-4E20-418E-A65A-DBD418E56988}.Debug|Any CPU.Build.0 = Debug|Any CPU
		{0256275F-4E20-418E-A65A-DBD418E56988}.Release|Any CPU.ActiveCfg = Release|Any CPU
		{0256275F-4E20-418E-A65A-DBD418E56988}.Release|Any CPU.Build.0 = Release|Any CPU
		{96239A9D-4742-4011-833E-F22F81170C15}.Debug|Any CPU.ActiveCfg = Debug|Any CPU
		{96239A9D-4742-4011-833E-F22F81170C15}.Debug|Any CPU.Build.0 = Debug|Any CPU
		{96239A9D-4742-4011-833E-F22F81170C15}.Release|Any CPU.ActiveCfg = Release|Any CPU
		{96239A9D-4742-4011-833E-F22F81170C15}.Release|Any CPU.Build.0 = Release|Any CPU
		{B7D12822-389D-4CD4-B29B-A18EF3537098}.Debug|Any CPU.ActiveCfg = Debug|Any CPU
		{B7D12822-389D-4CD4-B29B-A18EF3537098}.Debug|Any CPU.Build.0 = Debug|Any CPU
		{B7D12822-389D-4CD4-B29B-A18EF3537098}.Release|Any CPU.ActiveCfg = Release|Any CPU
		{B7D12822-389D-4CD4-B29B-A18EF3537098}.Release|Any CPU.Build.0 = Release|Any CPU
	EndGlobalSection
	GlobalSection(SolutionProperties) = preSolution
		HideSolutionNode = FALSE
	EndGlobalSection
	GlobalSection(ExtensibilityGlobals) = postSolution
		SolutionGuid = {AD643F5C-EB1C-4CE9-BF67-A74F39C77EA2}
	EndGlobalSection
EndGlobal
